
Microsoft Visual Studio Solution File, Format Version 12.00
# Visual Studio Version 16
VisualStudioVersion = 16.0.31105.61
MinimumVisualStudioVersion = 10.0.40219.1
Project("{FAE04EC0-301F-11D3-BF4B-00C04F79EFBC}") = "SupportApp", "SupportApp\SupportApp.csproj", "{2E663DE7-A1E3-4621-97B1-119FF4A60440}"
EndProject
Project("{FAE04EC0-301F-11D3-BF4B-00C04F79EFBC}") = "SupportApp.Models", "SupportApp.Models\SupportApp.Models.csproj", "{E366424D-ABFB-4AA1-A93F-6C20880066B0}"
EndProject
Project("{FAE04EC0-301F-11D3-BF4B-00C04F79EFBC}") = "SupportApp.DataAccess", "SupportApp.DataAccess\SupportApp.DataAccess.csproj", "{FC88A454-5F05-4481-B5CB-3C0ADFD88E12}"
EndProject
Global
	GlobalSection(SolutionConfigurationPlatforms) = preSolution
		Debug|Any CPU = Debug|Any CPU
		Release|Any CPU = Release|Any CPU
	EndGlobalSection
	GlobalSection(ProjectConfigurationPlatforms) = postSolution
		{2E663DE7-A1E3-4621-97B1-119FF4A60440}.Debug|Any CPU.ActiveCfg = Debug|Any CPU
		{2E663DE7-A1E3-4621-97B1-119FF4A60440}.Debug|Any CPU.Build.0 = Debug|Any CPU
		{2E663DE7-A1E3-4621-97B1-119FF4A60440}.Release|Any CPU.ActiveCfg = Release|Any CPU
		{2E663DE7-A1E3-4621-97B1-119FF4A60440}.Release|Any CPU.Build.0 = Release|Any CPU
		{E366424D-ABFB-4AA1-A93F-6C20880066B0}.Debug|Any CPU.ActiveCfg = Debug|Any CPU
		{E366424D-ABFB-4AA1-A93F-6C20880066B0}.Debug|Any CPU.Build.0 = Debug|Any CPU
		{E366424D-ABFB-4AA1-A93F-6C20880066B0}.Release|Any CPU.ActiveCfg = Release|Any CPU
		{E366424D-ABFB-4AA1-A93F-6C20880066B0}.Release|Any CPU.Build.0 = Release|Any CPU
		{FC88A454-5F05-4481-B5CB-3C0ADFD88E12}.Debug|Any CPU.ActiveCfg = Debug|Any CPU
		{FC88A454-5F05-4481-B5CB-3C0ADFD88E12}.Debug|Any CPU.Build.0 = Debug|Any CPU
		{FC88A454-5F05-4481-B5CB-3C0ADFD88E12}.Release|Any CPU.ActiveCfg = Release|Any CPU
		{FC88A454-5F05-4481-B5CB-3C0ADFD88E12}.Release|Any CPU.Build.0 = Release|Any CPU
	EndGlobalSection
	GlobalSection(SolutionProperties) = preSolution
		HideSolutionNode = FALSE
	EndGlobalSection
	GlobalSection(ExtensibilityGlobals) = postSolution
		SolutionGuid = {D42796C1-3BE6-4069-8E05-F8AB73517465}
	EndGlobalSection
EndGlobal
